{
  "name": "first-response-time",
  "version": "3.0.0",
  "lockfileVersion": 3,
  "requires": true,
  "packages": {
    "": {
      "name": "first-response-time",
      "version": "3.0.0",
      "license": "MIT",
      "dependencies": {
        "request-compose": "^2.1.7",
        "tree-kill": "^1.2.2"
      },
      "bin": {
        "first-response-time": "first-response-time.js"
      },
      "devDependencies": {
        "@types/node": "10.x"
      }
    },
    "node_modules/@types/node": {
      "version": "10.14.20",
      "resolved": "https://registry.npmjs.org/@types/node/-/node-10.14.20.tgz",
      "integrity": "sha512-An+MXSV8CGXz/BO9C1KKsoJ/8WDrvlNUaRMsm2h+IHZuSyQkM8U5bJJkb8ItLKA73VePG/nUK+t+EuW2IWuhsQ==",
      "dev": true
    },
    "node_modules/request-compose": {
      "version": "2.1.7",
      "resolved": "https://registry.npmjs.org/request-compose/-/request-compose-2.1.7.tgz",
      "integrity": "sha512-27amNkWTK4Qq25XEwdmrhb4VLMiQzRSKuDfsy1o1griykcyXk5MxMHmJG+OKTRdO9PgsO7Kkn7GrEkq0UAIIMQ==",
      "license": "Apache-2.0",
      "engines": {
        "node": ">=12.0.0"
      }
    },
    "node_modules/tree-kill": {
      "version": "1.2.2",
      "resolved": "https://registry.npmjs.org/tree-kill/-/tree-kill-1.2.2.tgz",
      "integrity": "sha512-L0Orpi8qGpRG//Nd+H90vFB+3iHnue1zSSGmNOOCh1GLJ7rUKVwV2HvijphGQS2UmhUZewS9VgvxYIdgr+fG1A==",
      "license": "MIT",
      "bin": {
        "tree-kill": "cli.js"
      }
    }
  }
}
